
Microsoft Visual Studio Solution File, Format Version 12.00
# Visual Studio 15
VisualStudioVersion = 15.0.28307.421
MinimumVisualStudioVersion = 10.0.40219.1
Project("{9A19103F-16F7-4668-BE54-9A1E7A4F7556}") = "Infolyzer.IcuParser", "Infolyzer.IcuParser\Infolyzer.IcuParser.csproj", "{DE088708-B406-407E-ABFA-D217C8D1A87A}"
EndProject
Project("{9A19103F-16F7-4668-BE54-9A1E7A4F7556}") = "Infolyzer.IcuParser.UnitTests", "Infolyzer.IcuParser.UnitTests\Infolyzer.IcuParser.UnitTests.csproj", "{45B7873F-2BD2-402F-A7F0-D4859238113E}"
EndProject
Global
	GlobalSection(SolutionConfigurationPlatforms) = preSolution
		Debug|Any CPU = Debug|Any CPU
		Release|Any CPU = Release|Any CPU
	EndGlobalSection
	GlobalSection(ProjectConfigurationPlatforms) = postSolution
		{DE088708-B406-407E-ABFA-D217C8D1A87A}.Debug|Any CPU.ActiveCfg = Debug|Any CPU
		{DE088708-B406-407E-ABFA-D217C8D1A87A}.Debug|Any CPU.Build.0 = Debug|Any CPU
		{DE088708-B406-407E-ABFA-D217C8D1A87A}.Release|Any CPU.ActiveCfg = Release|Any CPU
		{DE088708-B406-407E-ABFA-D217C8D1A87A}.Release|Any CPU.Build.0 = Release|Any CPU
		{45B7873F-2BD2-402F-A7F0-D4859238113E}.Debug|Any CPU.ActiveCfg = Debug|Any CPU
		{45B7873F-2BD2-402F-A7F0-D4859238113E}.Debug|Any CPU.Build.0 = Debug|Any CPU
		{45B7873F-2BD2-402F-A7F0-D4859238113E}.Release|Any CPU.ActiveCfg = Release|Any CPU
		{45B7873F-2BD2-402F-A7F0-D4859238113E}.Release|Any CPU.Build.0 = Release|Any CPU
	EndGlobalSection
	GlobalSection(SolutionProperties) = preSolution
		HideSolutionNode = FALSE
	EndGlobalSection
	GlobalSection(ExtensibilityGlobals) = postSolution
		SolutionGuid = {0987F762-F995-4ADE-A42B-88A01C7F03DF}
	EndGlobalSection
EndGlobal
